Microsoft Visual Studio Solution File, Format Version 12.00
# Visual Studio Version 17
VisualStudioVersion = 17.5.2.0
MinimumVisualStudioVersion = 10.0.40219.1
Project("{FAE04EC0-301F-11D3-BF4B-00C04F79EFBC}") = "DesafioMenuFuncao", "DesafioMenuFuncao.csproj", "{87E3A28A-EF3D-7245-5CB6-CA0FB2796FEC}"
EndProject
Global
	GlobalSection(SolutionConfigurationPlatforms) = preSolution
		Debug|Any CPU = Debug|Any CPU
		Release|Any CPU = Release|Any CPU
	EndGlobalSection
	GlobalSection(ProjectConfigurationPlatforms) = postSolution
		{87E3A28A-EF3D-7245-5CB6-CA0FB2796FEC}.Debug|Any CPU.ActiveCfg = Debug|Any CPU
		{87E3A28A-EF3D-7245-5CB6-CA0FB2796FEC}.Debug|Any CPU.Build.0 = Debug|Any CPU
		{87E3A28A-EF3D-7245-5CB6-CA0FB2796FEC}.Release|Any CPU.ActiveCfg = Release|Any CPU
		{87E3A28A-EF3D-7245-5CB6-CA0FB2796FEC}.Release|Any CPU.Build.0 = Release|Any CPU
	EndGlobalSection
	GlobalSection(SolutionProperties) = preSolution
		HideSolutionNode = FALSE
	EndGlobalSection
	GlobalSection(ExtensibilityGlobals) = postSolution
		SolutionGuid = {A8D68A79-0011-4E18-99FA-8E67319C8F05}
	EndGlobalSection
EndGlobal
